
Microsoft Visual Studio Solution File, Format Version 12.00
# Visual Studio Version 17
VisualStudioVersion = 17.0.32112.339
MinimumVisualStudioVersion = 10.0.40219.1
Project("{FAE04EC0-301F-11D3-BF4B-00C04F79EFBC}") = "Calculadora", "Calculadora\Calculadora.csproj", "{439E26DD-1B55-4A30-A317-EC5ED0CF716E}"
EndProject
Global
	GlobalSection(SolutionConfigurationPlatforms) = preSolution
		Debug|Any CPU = Debug|Any CPU
		Release|Any CPU = Release|Any CPU
	EndGlobalSection
	GlobalSection(ProjectConfigurationPlatforms) = postSolution
		{439E26DD-1B55-4A30-A317-EC5ED0CF716E}.Debug|Any CPU.ActiveCfg = Debug|Any CPU
		{439E26DD-1B55-4A30-A317-EC5ED0CF716E}.Debug|Any CPU.Build.0 = Debug|Any CPU
		{439E26DD-1B55-4A30-A317-EC5ED0CF716E}.Release|Any CPU.ActiveCfg = Release|Any CPU
		{439E26DD-1B55-4A30-A317-EC5ED0CF716E}.Release|Any CPU.Build.0 = Release|Any CPU
	EndGlobalSection
	GlobalSection(SolutionProperties) = preSolution
		HideSolutionNode = FALSE
	EndGlobalSection
	GlobalSection(ExtensibilityGlobals) = postSolution
		SolutionGuid = {056A62A1-74D3-471A-BD44-75377435A3BC}
	EndGlobalSection
EndGlobal
